
Microsoft Visual Studio Solution File, Format Version 12.00
Project("{FAE04EC0-301F-11D3-BF4B-00C04F79EFBC}") = "HourHero.Api", "HourHero.Api\HourHero.Api.csproj", "{A146FF50-A958-455C-9174-D12CA7360756}"
EndProject
Project("{2150E333-8FDC-42A3-9474-1A3956D46DE8}") = "src", "src", "{18BC36F6-B00B-465B-9D0B-AB5AD4CD3245}"
EndProject
Project("{2150E333-8FDC-42A3-9474-1A3956D46DE8}") = "tests", "tests", "{AE01C9BB-82B7-4388-BF52-BC725A901775}"
EndProject
Project("{FAE04EC0-301F-11D3-BF4B-00C04F79EFBC}") = "HourHero.Application", "HourHero.Application\HourHero.Application.csproj", "{5AC547A7-BC0B-422C-8980-E225C0375E06}"
EndProject
Project("{FAE04EC0-301F-11D3-BF4B-00C04F79EFBC}") = "HourHero.Domain", "HourHero.Domain\HourHero.Domain.csproj", "{F1C20C43-59BC-4A0C-932A-4ABCE5152DDB}"
EndProject
Project("{FAE04EC0-301F-11D3-BF4B-00C04F79EFBC}") = "HourHero.Infrastructure", "HourHero.Infrastructure\HourHero.Infrastructure.csproj", "{615C26BA-1B09-4DFF-B9C1-0C4D486C56B4}"
EndProject
Project("{FAE04EC0-301F-11D3-BF4B-00C04F79EFBC}") = "HourHero.Tests.Unit", "HourHero.Tests.Unit\HourHero.Tests.Unit.csproj", "{10CFA491-66FC-43A0-B3A7-F001BBAB4951}"
EndProject
Project("{FAE04EC0-301F-11D3-BF4B-00C04F79EFBC}") = "HourHero.Tests.Arch", "HourHero.Tests.Arch\HourHero.Tests.Arch.csproj", "{5602B2B0-5AC8-4136-8C0A-1ACC13728BEF}"
EndProject
Global
	GlobalSection(SolutionConfigurationPlatforms) = preSolution
		Debug|Any CPU = Debug|Any CPU
		Release|Any CPU = Release|Any CPU
	EndGlobalSection
	GlobalSection(ProjectConfigurationPlatforms) = postSolution
		{A146FF50-A958-455C-9174-D12CA7360756}.Debug|Any CPU.ActiveCfg = Debug|Any CPU
		{A146FF50-A958-455C-9174-D12CA7360756}.Debug|Any CPU.Build.0 = Debug|Any CPU
		{A146FF50-A958-455C-9174-D12CA7360756}.Release|Any CPU.ActiveCfg = Release|Any CPU
		{A146FF50-A958-455C-9174-D12CA7360756}.Release|Any CPU.Build.0 = Release|Any CPU
		{5AC547A7-BC0B-422C-8980-E225C0375E06}.Debug|Any CPU.ActiveCfg = Debug|Any CPU
		{5AC547A7-BC0B-422C-8980-E225C0375E06}.Debug|Any CPU.Build.0 = Debug|Any CPU
		{5AC547A7-BC0B-422C-8980-E225C0375E06}.Release|Any CPU.ActiveCfg = Release|Any CPU
		{5AC547A7-BC0B-422C-8980-E225C0375E06}.Release|Any CPU.Build.0 = Release|Any CPU
		{F1C20C43-59BC-4A0C-932A-4ABCE5152DDB}.Debug|Any CPU.ActiveCfg = Debug|Any CPU
		{F1C20C43-59BC-4A0C-932A-4ABCE5152DDB}.Debug|Any CPU.Build.0 = Debug|Any CPU
		{F1C20C43-59BC-4A0C-932A-4ABCE5152DDB}.Release|Any CPU.ActiveCfg = Release|Any CPU
		{F1C20C43-59BC-4A0C-932A-4ABCE5152DDB}.Release|Any CPU.Build.0 = Release|Any CPU
		{615C26BA-1B09-4DFF-B9C1-0C4D486C56B4}.Debug|Any CPU.ActiveCfg = Debug|Any CPU
		{615C26BA-1B09-4DFF-B9C1-0C4D486C56B4}.Debug|Any CPU.Build.0 = Debug|Any CPU
		{615C26BA-1B09-4DFF-B9C1-0C4D486C56B4}.Release|Any CPU.ActiveCfg = Release|Any CPU
		{615C26BA-1B09-4DFF-B9C1-0C4D486C56B4}.Release|Any CPU.Build.0 = Release|Any CPU
		{10CFA491-66FC-43A0-B3A7-F001BBAB4951}.Debug|Any CPU.ActiveCfg = Debug|Any CPU
		{10CFA491-66FC-43A0-B3A7-F001BBAB4951}.Debug|Any CPU.Build.0 = Debug|Any CPU
		{10CFA491-66FC-43A0-B3A7-F001BBAB4951}.Release|Any CPU.ActiveCfg = Release|Any CPU
		{10CFA491-66FC-43A0-B3A7-F001BBAB4951}.Release|Any CPU.Build.0 = Release|Any CPU
		{5602B2B0-5AC8-4136-8C0A-1ACC13728BEF}.Debug|Any CPU.ActiveCfg = Debug|Any CPU
		{5602B2B0-5AC8-4136-8C0A-1ACC13728BEF}.Debug|Any CPU.Build.0 = Debug|Any CPU
		{5602B2B0-5AC8-4136-8C0A-1ACC13728BEF}.Release|Any CPU.ActiveCfg = Release|Any CPU
		{5602B2B0-5AC8-4136-8C0A-1ACC13728BEF}.Release|Any CPU.Build.0 = Release|Any CPU
	EndGlobalSection
	GlobalSection(NestedProjects) = preSolution
		{A146FF50-A958-455C-9174-D12CA7360756} = {18BC36F6-B00B-465B-9D0B-AB5AD4CD3245}
		{5AC547A7-BC0B-422C-8980-E225C0375E06} = {18BC36F6-B00B-465B-9D0B-AB5AD4CD3245}
		{F1C20C43-59BC-4A0C-932A-4ABCE5152DDB} = {18BC36F6-B00B-465B-9D0B-AB5AD4CD3245}
		{615C26BA-1B09-4DFF-B9C1-0C4D486C56B4} = {18BC36F6-B00B-465B-9D0B-AB5AD4CD3245}
		{10CFA491-66FC-43A0-B3A7-F001BBAB4951} = {AE01C9BB-82B7-4388-BF52-BC725A901775}
		{5602B2B0-5AC8-4136-8C0A-1ACC13728BEF} = {AE01C9BB-82B7-4388-BF52-BC725A901775}
	EndGlobalSection
EndGlobal
